// !$*UTF8*$!
{
	archiveVersion = 1;
	classes = {
	};
	objectVersion = 50;
	objects = {

/* Begin PBXBuildFile section */
		D71286A927B1AC57009366A9 /* AppDelegate.swift in Sources */ = {isa = PBXBuildFile; fileRef = D71286A827B1AC57009366A9 /* AppDelegate.swift */; };
		D71286AB27B1AC57009366A9 /* SceneDelegate.swift in Sources */ = {isa = PBXBuildFile; fileRef = D71286AA27B1AC57009366A9 /* SceneDelegate.swift */; };
		D71286B227B1AC57009366A9 /* Assets.xcassets in Resources */ = {isa = PBXBuildFile; fileRef = D71286B127B1AC57009366A9 /* Assets.xcassets */; };
		D71286B527B1AC57009366A9 /* LaunchScreen.storyboard in Resources */ = {isa = PBXBuildFile; fileRef = D71286B327B1AC57009366A9 /* LaunchScreen.storyboard */; };
		D71286C027B1ACDA009366A9 /* HomeController.swift in Sources */ = {isa = PBXBuildFile; fileRef = D71286BF27B1ACDA009366A9 /* HomeController.swift */; };
		D71286C227B1AE5D009366A9 /* HomeScreen.swift in Sources */ = {isa = PBXBuildFile; fileRef = D71286C127B1AE5D009366A9 /* HomeScreen.swift */; };
		D71286C627B1B0C4009366A9 /* UserTableViewCell.swift in Sources */ = {isa = PBXBuildFile; fileRef = D71286C527B1B0C4009366A9 /* UserTableViewCell.swift */; };
		D71286C927B1B142009366A9 /* UserData.swift in Sources */ = {isa = PBXBuildFile; fileRef = D71286C827B1B142009366A9 /* UserData.swift */; };
		D71286CB27B1B1A1009366A9 /* UserCustomViewCell.swift in Sources */ = {isa = PBXBuildFile; fileRef = D71286CA27B1B1A1009366A9 /* UserCustomViewCell.swift */; };
		D71286CF27B1BAF8009366A9 /* AlertHelper.swift in Sources */ = {isa = PBXBuildFile; fileRef = D71286CE27B1BAF8009366A9 /* AlertHelper.swift */; };
/* End PBXBuildFile section */

/* Begin PBXFileReference section */
		D71286A527B1AC57009366A9 /* TableAppDemo.app */ = {isa = PBXFileReference; explicitFileType = wrapper.application; includeInIndex = 0; path = TableAppDemo.app; sourceTree = BUILT_PRODUCTS_DIR; };
		D71286A827B1AC57009366A9 /* AppDelegate.swift */ = {isa = PBXFileReference; lastKnownFileType = sourcecode.swift; path = AppDelegate.swift; sourceTree = "<group>"; };
		D71286AA27B1AC57009366A9 /* SceneDelegate.swift */ = {isa = PBXFileReference; lastKnownFileType = sourcecode.swift; path = SceneDelegate.swift; sourceTree = "<group>"; };
		D71286B127B1AC57009366A9 /* Assets.xcassets */ = {isa = PBXFileReference; lastKnownFileType = folder.assetcatalog; path = Assets.xcassets; sourceTree = "<group>"; };
		D71286B427B1AC57009366A9 /* Base */ = {isa = PBXFileReference; lastKnownFileType = file.storyboard; name = Base; path = Base.lproj/LaunchScreen.storyboard; sourceTree = "<group>"; };
		D71286B627B1AC57009366A9 /* Info.plist */ = {isa = PBXFileReference; lastKnownFileType = text.plist.xml; path = Info.plist; sourceTree = "<group>"; };
		D71286BF27B1ACDA009366A9 /* HomeController.swift */ = {isa = PBXFileReference; lastKnownFileType = sourcecode.swift; path = HomeController.swift; sourceTree = "<group>"; };
		D71286C127B1AE5D009366A9 /* HomeScreen.swift */ = {isa = PBXFileReference; lastKnownFileType = sourcecode.swift; path = HomeScreen.swift; sourceTree = "<group>"; };
		D71286C527B1B0C4009366A9 /* UserTableViewCell.swift */ = {isa = PBXFileReference; lastKnownFileType = sourcecode.swift; path = UserTableViewCell.swift; sourceTree = "<group>"; };
		D71286C827B1B142009366A9 /* UserData.swift */ = {isa = PBXFileReference; lastKnownFileType = sourcecode.swift; path = UserData.swift; sourceTree = "<group>"; };
		D71286CA27B1B1A1009366A9 /* UserCustomViewCell.swift */ = {isa = PBXFileReference; lastKnownFileType = sourcecode.swift; path = UserCustomViewCell.swift; sourceTree = "<group>"; };
		D71286CE27B1BAF8009366A9 /* AlertHelper.swift */ = {isa = PBXFileReference; lastKnownFileType = sourcecode.swift; path = AlertHelper.swift; sourceTree = "<group>"; };
/* End PBXFileReference section */

/* Begin PBXFrameworksBuildPhase section */
		D71286A227B1AC57009366A9 /* Frameworks */ = {
			isa = PBXFrameworksBuildPhase;
			buildActionMask = 2147483647;
			files = (
			);
			runOnlyForDeploymentPostprocessing = 0;
		};
/* End PBXFrameworksBuildPhase section */

/* Begin PBXGroup section */
		D712869C27B1AC57009366A9 = {
			isa = PBXGroup;
			children = (
				D71286A727B1AC57009366A9 /* TableAppDemo */,
				D71286A627B1AC57009366A9 /* Products */,
			);
			sourceTree = "<group>";
		};
		D71286A627B1AC57009366A9 /* Products */ = {
			isa = PBXGroup;
			children = (
				D71286A527B1AC57009366A9 /* TableAppDemo.app */,
			);
			name = Products;
			sourceTree = "<group>";
		};
		D71286A727B1AC57009366A9 /* TableAppDemo */ = {
			isa = PBXGroup;
			children = (
				D71286CC27B1BAE4009366A9 /* AlertHelper */,
				D71286BC27B1AC85009366A9 /* Home */,
				D71286A827B1AC57009366A9 /* AppDelegate.swift */,
				D71286AA27B1AC57009366A9 /* SceneDelegate.swift */,
				D71286B127B1AC57009366A9 /* Assets.xcassets */,
				D71286B327B1AC57009366A9 /* LaunchScreen.storyboard */,
				D71286B627B1AC57009366A9 /* Info.plist */,
			);
			path = TableAppDemo;
			sourceTree = "<group>";
		};
		D71286BC27B1AC85009366A9 /* Home */ = {
			isa = PBXGroup;
			children = (
				D71286C727B1B135009366A9 /* Model */,
				D71286BE27B1AC95009366A9 /* Controller */,
				D71286BD27B1AC90009366A9 /* Screen */,
			);
			path = Home;
			sourceTree = "<group>";
		};
		D71286BD27B1AC90009366A9 /* Screen */ = {
			isa = PBXGroup;
			children = (
				D71286C327B1B092009366A9 /* TableViewCell */,
				D71286C127B1AE5D009366A9 /* HomeScreen.swift */,
			);
			path = Screen;
			sourceTree = "<group>";
		};
		D71286BE27B1AC95009366A9 /* Controller */ = {
			isa = PBXGroup;
			children = (
				D71286BF27B1ACDA009366A9 /* HomeController.swift */,
			);
			path = Controller;
			sourceTree = "<group>";
		};
		D71286C327B1B092009366A9 /* TableViewCell */ = {
			isa = PBXGroup;
			children = (
				D71286C427B1B09E009366A9 /* CellCustomView */,
				D71286C527B1B0C4009366A9 /* UserTableViewCell.swift */,
			);
			path = TableViewCell;
			sourceTree = "<group>";
		};
		D71286C427B1B09E009366A9 /* CellCustomView */ = {
			isa = PBXGroup;
			children = (
				D71286CA27B1B1A1009366A9 /* UserCustomViewCell.swift */,
			);
			path = CellCustomView;
			sourceTree = "<group>";
		};
		D71286C727B1B135009366A9 /* Model */ = {
			isa = PBXGroup;
			children = (
				D71286C827B1B142009366A9 /* UserData.swift */,
			);
			path = Model;
			sourceTree = "<group>";
		};
		D71286CC27B1BAE4009366A9 /* AlertHelper */ = {
			isa = PBXGroup;
			children = (
				D71286CE27B1BAF8009366A9 /* AlertHelper.swift */,
			);
			path = AlertHelper;
			sourceTree = "<group>";
		};
/* End PBXGroup section */

/* Begin PBXNativeTarget section */
		D71286A427B1AC57009366A9 /* TableAppDemo */ = {
			isa = PBXNativeTarget;
			buildConfigurationList = D71286B927B1AC57009366A9 /* Build configuration list for PBXNativeTarget "TableAppDemo" */;
			buildPhases = (
				D71286A127B1AC57009366A9 /* Sources */,
				D71286A227B1AC57009366A9 /* Frameworks */,
				D71286A327B1AC57009366A9 /* Resources */,
			);
			buildRules = (
			);
			dependencies = (
			);
			name = TableAppDemo;
			productName = TableAppDemo;
			productReference = D71286A527B1AC57009366A9 /* TableAppDemo.app */;
			productType = "com.apple.product-type.application";
		};
/* End PBXNativeTarget section */

/* Begin PBXProject section */
		D712869D27B1AC57009366A9 /* Project object */ = {
			isa = PBXProject;
			attributes = {
				LastSwiftUpdateCheck = 1250;
				LastUpgradeCheck = 1250;
				TargetAttributes = {
					D71286A427B1AC57009366A9 = {
						CreatedOnToolsVersion = 12.5.1;
					};
				};
			};
			buildConfigurationList = D71286A027B1AC57009366A9 /* Build configuration list for PBXProject "TableAppDemo" */;
			compatibilityVersion = "Xcode 9.3";
			developmentRegion = en;
			hasScannedForEncodings = 0;
			knownRegions = (
				en,
				Base,
			);
			mainGroup = D712869C27B1AC57009366A9;
			productRefGroup = D71286A627B1AC57009366A9 /* Products */;
			projectDirPath = "";
			projectRoot = "";
			targets = (
				D71286A427B1AC57009366A9 /* TableAppDemo */,
			);
		};
/* End PBXProject section */

/* Begin PBXResourcesBuildPhase section */
		D71286A327B1AC57009366A9 /* Resources */ = {
			isa = PBXResourcesBuildPhase;
			buildActionMask = 2147483647;
			files = (
				D71286B527B1AC57009366A9 /* LaunchScreen.storyboard in Resources */,
				D71286B227B1AC57009366A9 /* Assets.xcassets in Resources */,
			);
			runOnlyForDeploymentPostprocessing = 0;
		};
/* End PBXResourcesBuildPhase section */

/* Begin PBXSourcesBuildPhase section */
		D71286A127B1AC57009366A9 /* Sources */ = {
			isa = PBXSourcesBuildPhase;
			buildActionMask = 2147483647;
			files = (
				D71286C927B1B142009366A9 /* UserData.swift in Sources */,
				D71286C227B1AE5D009366A9 /* HomeScreen.swift in Sources */,
				D71286CB27B1B1A1009366A9 /* UserCustomViewCell.swift in Sources */,
				D71286A927B1AC57009366A9 /* AppDelegate.swift in Sources */,
				D71286CF27B1BAF8009366A9 /* AlertHelper.swift in Sources */,
				D71286AB27B1AC57009366A9 /* SceneDelegate.swift in Sources */,
				D71286C027B1ACDA009366A9 /* HomeController.swift in Sources */,
				D71286C627B1B0C4009366A9 /* UserTableViewCell.swift in Sources */,
			);
			runOnlyForDeploymentPostprocessing = 0;
		};
/* End PBXSourcesBuildPhase section */

/* Begin PBXVariantGroup section */
		D71286B327B1AC57009366A9 /* LaunchScreen.storyboard */ = {
			isa = PBXVariantGroup;
			children = (
				D71286B427B1AC57009366A9 /* Base */,
			);
			name = LaunchScreen.storyboard;
			sourceTree = "<group>";
		};
/* End PBXVariantGroup section */

/* Begin XCBuildConfiguration section */
		D71286B727B1AC57009366A9 /* Debug */ = {
			isa = XCBuildConfiguration;
			buildSettings = {
				ALWAYS_SEARCH_USER_PATHS = NO;
				CLANG_ANALYZER_NONNULL = YES;
				CLANG_ANALYZER_NUMBER_OBJECT_CONVERSION = YES_AGGRESSIVE;
				CLANG_CXX_LANGUAGE_STANDARD = "gnu++14";
				CLANG_CXX_LIBRARY = "libc++";
				CLANG_ENABLE_MODULES = YES;
				CLANG_ENABLE_OBJC_ARC = YES;
				CLANG_ENABLE_OBJC_WEAK = YES;
				CLANG_WARN_BLOCK_CAPTURE_AUTORELEASING = YES;
				CLANG_WARN_BOOL_CONVERSION = YES;
				CLANG_WARN_COMMA = YES;
				CLANG_WARN_CONSTANT_CONVERSION = YES;
				CLANG_WARN_DEPRECATED_OBJC_IMPLEMENTATIONS = YES;
				CLANG_WARN_DIRECT_OBJC_ISA_USAGE = YES_ERROR;
				CLANG_WARN_DOCUMENTATION_COMMENTS = YES;
				CLANG_WARN_EMPTY_BODY = YES;
				CLANG_WARN_ENUM_CONVERSION = YES;
				CLANG_WARN_INFINITE_RECURSION = YES;
				CLANG_WARN_INT_CONVERSION = YES;
				CLANG_WARN_NON_LITERAL_NULL_CONVERSION = YES;
				CLANG_WARN_OBJC_IMPLICIT_RETAIN_SELF = YES;
				CLANG_WARN_OBJC_LITERAL_CONVERSION = YES;
				CLANG_WARN_OBJC_ROOT_CLASS = YES_ERROR;
				CLANG_WARN_QUOTED_INCLUDE_IN_FRAMEWORK_HEADER = YES;
				CLANG_WARN_RANGE_LOOP_ANALYSIS = YES;
				CLANG_WARN_STRICT_PROTOTYPES = YES;
				CLANG_WARN_SUSPICIOUS_MOVE = YES;
				CLANG_WARN_UNGUARDED_AVAILABILITY = YES_AGGRESSIVE;
				CLANG_WARN_UNREACHABLE_CODE = YES;
				CLANG_WARN__DUPLICATE_METHOD_MATCH = YES;
				COPY_PHASE_STRIP = NO;
				DEBUG_INFORMATION_FORMAT = dwarf;
				ENABLE_STRICT_OBJC_MSGSEND = YES;
				ENABLE_TESTABILITY = YES;
				GCC_C_LANGUAGE_STANDARD = gnu11;
				GCC_DYNAMIC_NO_PIC = NO;
				GCC_NO_COMMON_BLOCKS = YES;
				GCC_OPTIMIZATION_LEVEL = 0;
				GCC_PREPROCESSOR_DEFINITIONS = (
					"DEBUG=1",
					"$(inherited)",
				);
				GCC_WARN_64_TO_32_BIT_CONVERSION = YES;
				GCC_WARN_ABOUT_RETURN_TYPE = YES_ERROR;
				GCC_WARN_UNDECLARED_SELECTOR = YES;
				GCC_WARN_UNINITIALIZED_AUTOS = YES_AGGRESSIVE;
				GCC_WARN_UNUSED_FUNCTION = YES;
				GCC_WARN_UNUSED_VARIABLE = YES;
				IPHONEOS_DEPLOYMENT_TARGET = 14.5;
				MTL_ENABLE_DEBUG_INFO = INCLUDE_SOURCE;
				MTL_FAST_MATH = YES;
				ONLY_ACTIVE_ARCH = YES;
				SDKROOT = iphoneos;
				SWIFT_ACTIVE_COMPILATION_CONDITIONS = DEBUG;
				SWIFT_OPTIMIZATION_LEVEL = "-Onone";
			};
			name = Debug;
		};
		D71286B827B1AC57009366A9 /* Release */ = {
			isa = XCBuildConfiguration;
			buildSettings = {
				ALWAYS_SEARCH_USER_PATHS = NO;
				CLANG_ANALYZER_NONNULL = YES;
				CLANG_ANALYZER_NUMBER_OBJECT_CONVERSION = YES_AGGRESSIVE;
				CLANG_CXX_LANGUAGE_STANDARD = "gnu++14";
				CLANG_CXX_LIBRARY = "libc++";
				CLANG_ENABLE_MODULES = YES;
				CLANG_ENABLE_OBJC_ARC = YES;
				CLANG_ENABLE_OBJC_WEAK = YES;
				CLANG_WARN_BLOCK_CAPTURE_AUTORELEASING = YES;
				CLANG_WARN_BOOL_CONVERSION = YES;
				CLANG_WARN_COMMA = YES;
				CLANG_WARN_CONSTANT_CONVERSION = YES;
				CLANG_WARN_DEPRECATED_OBJC_IMPLEMENTATIONS = YES;
				CLANG_WARN_DIRECT_OBJC_ISA_USAGE = YES_ERROR;
				CLANG_WARN_DOCUMENTATION_COMMENTS = YES;
				CLANG_WARN_EMPTY_BODY = YES;
				CLANG_WARN_ENUM_CONVERSION = YES;
				CLANG_WARN_INFINITE_RECURSION = YES;
				CLANG_WARN_INT_CONVERSION = YES;
				CLANG_WARN_NON_LITERAL_NULL_CONVERSION = YES;
				CLANG_WARN_OBJC_IMPLICIT_RETAIN_SELF = YES;
				CLANG_WARN_OBJC_LITERAL_CONVERSION = YES;
				CLANG_WARN_OBJC_ROOT_CLASS = YES_ERROR;
				CLANG_WARN_QUOTED_INCLUDE_IN_FRAMEWORK_HEADER = YES;
				CLANG_WARN_RANGE_LOOP_ANALYSIS = YES;
				CLANG_WARN_STRICT_PROTOTYPES = YES;
				CLANG_WARN_SUSPICIOUS_MOVE = YES;
				CLANG_WARN_UNGUARDED_AVAILABILITY = YES_AGGRESSIVE;
				CLANG_WARN_UNREACHABLE_CODE = YES;
				CLANG_WARN__DUPLICATE_METHOD_MATCH = YES;
				COPY_PHASE_STRIP = NO;
				DEBUG_INFORMATION_FORMAT = "dwarf-with-dsym";
				ENABLE_NS_ASSERTIONS = NO;
				ENABLE_STRICT_OBJC_MSGSEND = YES;
				GCC_C_LANGUAGE_STANDARD = gnu11;
				GCC_NO_COMMON_BLOCKS = YES;
				GCC_WARN_64_TO_32_BIT_CONVERSION = YES;
				GCC_WARN_ABOUT_RETURN_TYPE = YES_ERROR;
				GCC_WARN_UNDECLARED_SELECTOR = YES;
				GCC_WARN_UNINITIALIZED_AUTOS = YES_AGGRESSIVE;
				GCC_WARN_UNUSED_FUNCTION = YES;
				GCC_WARN_UNUSED_VARIABLE = YES;
				IPHONEOS_DEPLOYMENT_TARGET = 14.5;
				MTL_ENABLE_DEBUG_INFO = NO;
				MTL_FAST_MATH = YES;
				SDKROOT = iphoneos;
				SWIFT_COMPILATION_MODE = wholemodule;
				SWIFT_OPTIMIZATION_LEVEL = "-O";
				VALIDATE_PRODUCT = YES;
			};
			name = Release;
		};
		D71286BA27B1AC57009366A9 /* Debug */ = {
			isa = XCBuildConfiguration;
			buildSettings = {
				ASSETCATALOG_COMPILER_APPICON_NAME = AppIcon;
				ASSETCATALOG_COMPILER_GLOBAL_ACCENT_COLOR_NAME = AccentColor;
				CODE_SIGN_STYLE = Automatic;
				INFOPLIST_FILE = TableAppDemo/Info.plist;
				LD_RUNPATH_SEARCH_PATHS = (
					"$(inherited)",
					"@executable_path/Frameworks",
				);
				PRODUCT_BUNDLE_IDENTIFIER = com.studyios.TableAppDemo;
				PRODUCT_NAME = "$(TARGET_NAME)";
				SWIFT_VERSION = 5.0;
				TARGETED_DEVICE_FAMILY = "1,2";
			};
			name = Debug;
		};
		D71286BB27B1AC57009366A9 /* Release */ = {
			isa = XCBuildConfiguration;
			buildSettings = {
				ASSETCATALOG_COMPILER_APPICON_NAME = AppIcon;
				ASSETCATALOG_COMPILER_GLOBAL_ACCENT_COLOR_NAME = AccentColor;
				CODE_SIGN_STYLE = Automatic;
				INFOPLIST_FILE = TableAppDemo/Info.plist;
				LD_RUNPATH_SEARCH_PATHS = (
					"$(inherited)",
					"@executable_path/Frameworks",
				);
				PRODUCT_BUNDLE_IDENTIFIER = com.studyios.TableAppDemo;
				PRODUCT_NAME = "$(TARGET_NAME)";
				SWIFT_VERSION = 5.0;
				TARGETED_DEVICE_FAMILY = "1,2";
			};
			name = Release;
		};
/* End XCBuildConfiguration section */

/* Begin XCConfigurationList section */
		D71286A027B1AC57009366A9 /* Build configuration list for PBXProject "TableAppDemo" */ = {
			isa = XCConfigurationList;
			buildConfigurations = (
				D71286B727B1AC57009366A9 /* Debug */,
				D71286B827B1AC57009366A9 /* Release */,
			);
			defaultConfigurationIsVisible = 0;
			defaultConfigurationName = Release;
		};
		D71286B927B1AC57009366A9 /* Build configuration list for PBXNativeTarget "TableAppDemo" */ = {
			isa = XCConfigurationList;
			buildConfigurations = (
				D71286BA27B1AC57009366A9 /* Debug */,
				D71286BB27B1AC57009366A9 /* Release */,
			);
			defaultConfigurationIsVisible = 0;
			defaultConfigurationName = Release;
		};
/* End XCConfigurationList section */
	};
	rootObject = D712869D27B1AC57009366A9 /* Project object */;
}
